
Microsoft Visual Studio Solution File, Format Version 12.00
# Visual Studio Version 16
VisualStudioVersion = 16.0.29721.120
MinimumVisualStudioVersion = 10.0.40219.1
Project("{2150E333-8FDC-42A3-9474-1A3956D46DE8}") = "Solution Items", "Solution Items", "{47124194-A785-4685-8D61-0E38F4D538D1}"
	ProjectSection(SolutionItems) = preProject
		appveyor.yml = appveyor.yml
		Directory.Build.props = Directory.Build.props
	EndProjectSection
EndProject
Project("{9A19103F-16F7-4668-BE54-9A1E7A4F7556}") = "Cogito.Reflection.PortableExecutable", "Cogito.Reflection.PortableExecutable\Cogito.Reflection.PortableExecutable.csproj", "{665256AE-C6E4-453D-BC12-6415901FD200}"
EndProject
Project("{FAE04EC0-301F-11D3-BF4B-00C04F79EFBC}") = "Cogito.Reflection.PortableExecutable.Tests", "Cogito.Reflection.PortableExecutable.Tests\Cogito.Reflection.PortableExecutable.Tests.csproj", "{794E435E-CFD4-466A-B0B8-EB850855201C}"
EndProject
Global
	GlobalSection(SolutionConfigurationPlatforms) = preSolution
		Debug|Any CPU = Debug|Any CPU
		Release|Any CPU = Release|Any CPU
	EndGlobalSection
	GlobalSection(ProjectConfigurationPlatforms) = postSolution
		{665256AE-C6E4-453D-BC12-6415901FD200}.Debug|Any CPU.ActiveCfg = Debug|Any CPU
		{665256AE-C6E4-453D-BC12-6415901FD200}.Debug|Any CPU.Build.0 = Debug|Any CPU
		{665256AE-C6E4-453D-BC12-6415901FD200}.Release|Any CPU.ActiveCfg = Release|Any CPU
		{665256AE-C6E4-453D-BC12-6415901FD200}.Release|Any CPU.Build.0 = Release|Any CPU
		{794E435E-CFD4-466A-B0B8-EB850855201C}.Debug|Any CPU.ActiveCfg = Debug|Any CPU
		{794E435E-CFD4-466A-B0B8-EB850855201C}.Debug|Any CPU.Build.0 = Debug|Any CPU
		{794E435E-CFD4-466A-B0B8-EB850855201C}.Release|Any CPU.ActiveCfg = Release|Any CPU
		{794E435E-CFD4-466A-B0B8-EB850855201C}.Release|Any CPU.Build.0 = Release|Any CPU
	EndGlobalSection
	GlobalSection(SolutionProperties) = preSolution
		HideSolutionNode = FALSE
	EndGlobalSection
	GlobalSection(ExtensibilityGlobals) = postSolution
		SolutionGuid = {A30B6C7E-3FCD-4998-BF26-0D51D7869B61}
	EndGlobalSection
EndGlobal
